
Microsoft Visual Studio Solution File, Format Version 12.00
Project("{2150E333-8FDC-42A3-9474-1A3956D46DE8}") = "src", "src", "{C16EFFB1-C7C3-4156-B4CF-BEC7ACCCD936}"
EndProject
Project("{2150E333-8FDC-42A3-9474-1A3956D46DE8}") = "tests", "tests", "{3270E3A9-A2B0-47F4-A0F5-612546E3D62E}"
EndProject
Project("{FAE04EC0-301F-11D3-BF4B-00C04F79EFBC}") = "Api", "src\Api\Api.csproj", "{03D31A06-828B-4694-8E72-B315B841DC7C}"
EndProject
Project("{FAE04EC0-301F-11D3-BF4B-00C04F79EFBC}") = "Contracts", "src\Contracts\Contracts.csproj", "{C755943F-1256-4E2E-B1A0-2A64CD34E60B}"
EndProject
Project("{FAE04EC0-301F-11D3-BF4B-00C04F79EFBC}") = "Services", "src\Services\Services.csproj", "{0E7099B6-C89F-414B-9A4D-CE411EA4F361}"
EndProject
Project("{FAE04EC0-301F-11D3-BF4B-00C04F79EFBC}") = "Domain", "src\Domain\Domain.csproj", "{23FAAC36-6FF8-4A6B-9072-F66D13B1EB90}"
EndProject
Project("{FAE04EC0-301F-11D3-BF4B-00C04F79EFBC}") = "Services.UnitTests", "tests\Services.UnitTests\Services.UnitTests.csproj", "{A78BB19E-774D-4060-BAAF-76F094DF5DF3}"
EndProject
Project("{FAE04EC0-301F-11D3-BF4B-00C04F79EFBC}") = "Domain.UnitTests", "tests\Domain.UnitTests\Domain.UnitTests.csproj", "{CDE85E76-0423-4C7B-B72C-00A9A59FF08E}"
EndProject
Global
	GlobalSection(SolutionConfigurationPlatforms) = preSolution
		Debug|Any CPU = Debug|Any CPU
		Release|Any CPU = Release|Any CPU
	EndGlobalSection
	GlobalSection(NestedProjects) = preSolution
		{03D31A06-828B-4694-8E72-B315B841DC7C} = {C16EFFB1-C7C3-4156-B4CF-BEC7ACCCD936}
		{C755943F-1256-4E2E-B1A0-2A64CD34E60B} = {C16EFFB1-C7C3-4156-B4CF-BEC7ACCCD936}
		{0E7099B6-C89F-414B-9A4D-CE411EA4F361} = {C16EFFB1-C7C3-4156-B4CF-BEC7ACCCD936}
		{23FAAC36-6FF8-4A6B-9072-F66D13B1EB90} = {C16EFFB1-C7C3-4156-B4CF-BEC7ACCCD936}
		{A78BB19E-774D-4060-BAAF-76F094DF5DF3} = {3270E3A9-A2B0-47F4-A0F5-612546E3D62E}
		{CDE85E76-0423-4C7B-B72C-00A9A59FF08E} = {3270E3A9-A2B0-47F4-A0F5-612546E3D62E}
	EndGlobalSection
	GlobalSection(ProjectConfigurationPlatforms) = postSolution
		{03D31A06-828B-4694-8E72-B315B841DC7C}.Debug|Any CPU.ActiveCfg = Debug|Any CPU
		{03D31A06-828B-4694-8E72-B315B841DC7C}.Debug|Any CPU.Build.0 = Debug|Any CPU
		{03D31A06-828B-4694-8E72-B315B841DC7C}.Release|Any CPU.ActiveCfg = Release|Any CPU
		{03D31A06-828B-4694-8E72-B315B841DC7C}.Release|Any CPU.Build.0 = Release|Any CPU
		{C755943F-1256-4E2E-B1A0-2A64CD34E60B}.Debug|Any CPU.ActiveCfg = Debug|Any CPU
		{C755943F-1256-4E2E-B1A0-2A64CD34E60B}.Debug|Any CPU.Build.0 = Debug|Any CPU
		{C755943F-1256-4E2E-B1A0-2A64CD34E60B}.Release|Any CPU.ActiveCfg = Release|Any CPU
		{C755943F-1256-4E2E-B1A0-2A64CD34E60B}.Release|Any CPU.Build.0 = Release|Any CPU
		{0E7099B6-C89F-414B-9A4D-CE411EA4F361}.Debug|Any CPU.ActiveCfg = Debug|Any CPU
		{0E7099B6-C89F-414B-9A4D-CE411EA4F361}.Debug|Any CPU.Build.0 = Debug|Any CPU
		{0E7099B6-C89F-414B-9A4D-CE411EA4F361}.Release|Any CPU.ActiveCfg = Release|Any CPU
		{0E7099B6-C89F-414B-9A4D-CE411EA4F361}.Release|Any CPU.Build.0 = Release|Any CPU
		{23FAAC36-6FF8-4A6B-9072-F66D13B1EB90}.Debug|Any CPU.ActiveCfg = Debug|Any CPU
		{23FAAC36-6FF8-4A6B-9072-F66D13B1EB90}.Debug|Any CPU.Build.0 = Debug|Any CPU
		{23FAAC36-6FF8-4A6B-9072-F66D13B1EB90}.Release|Any CPU.ActiveCfg = Release|Any CPU
		{23FAAC36-6FF8-4A6B-9072-F66D13B1EB90}.Release|Any CPU.Build.0 = Release|Any CPU
		{A78BB19E-774D-4060-BAAF-76F094DF5DF3}.Debug|Any CPU.ActiveCfg = Debug|Any CPU
		{A78BB19E-774D-4060-BAAF-76F094DF5DF3}.Debug|Any CPU.Build.0 = Debug|Any CPU
		{A78BB19E-774D-4060-BAAF-76F094DF5DF3}.Release|Any CPU.ActiveCfg = Release|Any CPU
		{A78BB19E-774D-4060-BAAF-76F094DF5DF3}.Release|Any CPU.Build.0 = Release|Any CPU
		{CDE85E76-0423-4C7B-B72C-00A9A59FF08E}.Debug|Any CPU.ActiveCfg = Debug|Any CPU
		{CDE85E76-0423-4C7B-B72C-00A9A59FF08E}.Debug|Any CPU.Build.0 = Debug|Any CPU
		{CDE85E76-0423-4C7B-B72C-00A9A59FF08E}.Release|Any CPU.ActiveCfg = Release|Any CPU
		{CDE85E76-0423-4C7B-B72C-00A9A59FF08E}.Release|Any CPU.Build.0 = Release|Any CPU
	EndGlobalSection
EndGlobal
